
Microsoft Visual Studio Solution File, Format Version 12.00
# Visual Studio Version 16
VisualStudioVersion = 25.0.1705.4
MinimumVisualStudioVersion = 10.0.40219.1
Project("{FAE04EC0-301F-11D3-BF4B-00C04F79EFBC}") = "Tickets.API", "Tickets.API\Tickets.API.csproj", "{E948D4CC-B308-4CF1-B408-89C7D814A790}"
EndProject
Project("{FAE04EC0-301F-11D3-BF4B-00C04F79EFBC}") = "Tickets.WEB", "Tickets.WEB\Tickets.WEB.csproj", "{BE0C2E26-5F8B-4477-AD72-1A16C005B6A1}"
EndProject
Project("{FAE04EC0-301F-11D3-BF4B-00C04F79EFBC}") = "Tickets.Shared", "Tickets.Shared\Tickets.Shared.csproj", "{728E5C22-9EE0-40E3-92DF-82C8BB8F2D30}"
EndProject
Global
	GlobalSection(SolutionConfigurationPlatforms) = preSolution
		Debug|Any CPU = Debug|Any CPU
		Release|Any CPU = Release|Any CPU
	EndGlobalSection
	GlobalSection(ProjectConfigurationPlatforms) = postSolution
		{E948D4CC-B308-4CF1-B408-89C7D814A790}.Debug|Any CPU.ActiveCfg = Debug|Any CPU
		{E948D4CC-B308-4CF1-B408-89C7D814A790}.Debug|Any CPU.Build.0 = Debug|Any CPU
		{E948D4CC-B308-4CF1-B408-89C7D814A790}.Release|Any CPU.ActiveCfg = Release|Any CPU
		{E948D4CC-B308-4CF1-B408-89C7D814A790}.Release|Any CPU.Build.0 = Release|Any CPU
		{BE0C2E26-5F8B-4477-AD72-1A16C005B6A1}.Debug|Any CPU.ActiveCfg = Debug|Any CPU
		{BE0C2E26-5F8B-4477-AD72-1A16C005B6A1}.Debug|Any CPU.Build.0 = Debug|Any CPU
		{BE0C2E26-5F8B-4477-AD72-1A16C005B6A1}.Release|Any CPU.ActiveCfg = Release|Any CPU
		{BE0C2E26-5F8B-4477-AD72-1A16C005B6A1}.Release|Any CPU.Build.0 = Release|Any CPU
		{728E5C22-9EE0-40E3-92DF-82C8BB8F2D30}.Debug|Any CPU.ActiveCfg = Debug|Any CPU
		{728E5C22-9EE0-40E3-92DF-82C8BB8F2D30}.Debug|Any CPU.Build.0 = Debug|Any CPU
		{728E5C22-9EE0-40E3-92DF-82C8BB8F2D30}.Release|Any CPU.ActiveCfg = Release|Any CPU
		{728E5C22-9EE0-40E3-92DF-82C8BB8F2D30}.Release|Any CPU.Build.0 = Release|Any CPU
	EndGlobalSection
	GlobalSection(SolutionProperties) = preSolution
		HideSolutionNode = FALSE
	EndGlobalSection
	GlobalSection(ExtensibilityGlobals) = postSolution
		SolutionGuid = {340D8AAD-9EF4-48C1-BB71-202EE4E2DE4A}
	EndGlobalSection
EndGlobal
